
Microsoft Visual Studio Solution File, Format Version 12.00
# Visual Studio Version 17
VisualStudioVersion = 17.7.34031.279
MinimumVisualStudioVersion = 10.0.40219.1
Project("{9A19103F-16F7-4668-BE54-9A1E7A4F7556}") = "02.ActivitySelection", "02.ActivitySelection\02.ActivitySelection.csproj", "{68BF0300-4AB4-4C91-B17C-8B3AF82924EF}"
EndProject
Project("{9A19103F-16F7-4668-BE54-9A1E7A4F7556}") = "03.SetCover", "03.SetCover\03.SetCover.csproj", "{55029361-6EC0-45BA-8912-98DD3EADDE86}"
EndProject
Project("{9A19103F-16F7-4668-BE54-9A1E7A4F7556}") = "04.SumOfCouns", "04.SumOfCouns\04.SumOfCouns.csproj", "{8C6E008A-7919-471D-8E3A-E2430B956A22}"
EndProject
Project("{9A19103F-16F7-4668-BE54-9A1E7A4F7556}") = "00.Demo", "00.Demo\00.Demo.csproj", "{E64C347A-6819-4184-93A0-2D2844AA5FE9}"
EndProject
Project("{9A19103F-16F7-4668-BE54-9A1E7A4F7556}") = "01.BruteForse", "01.BruteForse\01.BruteForse.csproj", "{1A7C7795-A97C-4143-B9FF-52F5D67E9FC3}"
EndProject
Global
	GlobalSection(SolutionConfigurationPlatforms) = preSolution
		Debug|Any CPU = Debug|Any CPU
		Release|Any CPU = Release|Any CPU
	EndGlobalSection
	GlobalSection(ProjectConfigurationPlatforms) = postSolution
		{68BF0300-4AB4-4C91-B17C-8B3AF82924EF}.Debug|Any CPU.ActiveCfg = Debug|Any CPU
		{68BF0300-4AB4-4C91-B17C-8B3AF82924EF}.Debug|Any CPU.Build.0 = Debug|Any CPU
		{68BF0300-4AB4-4C91-B17C-8B3AF82924EF}.Release|Any CPU.ActiveCfg = Release|Any CPU
		{68BF0300-4AB4-4C91-B17C-8B3AF82924EF}.Release|Any CPU.Build.0 = Release|Any CPU
		{55029361-6EC0-45BA-8912-98DD3EADDE86}.Debug|Any CPU.ActiveCfg = Debug|Any CPU
		{55029361-6EC0-45BA-8912-98DD3EADDE86}.Debug|Any CPU.Build.0 = Debug|Any CPU
		{55029361-6EC0-45BA-8912-98DD3EADDE86}.Release|Any CPU.ActiveCfg = Release|Any CPU
		{55029361-6EC0-45BA-8912-98DD3EADDE86}.Release|Any CPU.Build.0 = Release|Any CPU
		{8C6E008A-7919-471D-8E3A-E2430B956A22}.Debug|Any CPU.ActiveCfg = Debug|Any CPU
		{8C6E008A-7919-471D-8E3A-E2430B956A22}.Debug|Any CPU.Build.0 = Debug|Any CPU
		{8C6E008A-7919-471D-8E3A-E2430B956A22}.Release|Any CPU.ActiveCfg = Release|Any CPU
		{8C6E008A-7919-471D-8E3A-E2430B956A22}.Release|Any CPU.Build.0 = Release|Any CPU
		{E64C347A-6819-4184-93A0-2D2844AA5FE9}.Debug|Any CPU.ActiveCfg = Debug|Any CPU
		{E64C347A-6819-4184-93A0-2D2844AA5FE9}.Debug|Any CPU.Build.0 = Debug|Any CPU
		{E64C347A-6819-4184-93A0-2D2844AA5FE9}.Release|Any CPU.ActiveCfg = Release|Any CPU
		{E64C347A-6819-4184-93A0-2D2844AA5FE9}.Release|Any CPU.Build.0 = Release|Any CPU
		{1A7C7795-A97C-4143-B9FF-52F5D67E9FC3}.Debug|Any CPU.ActiveCfg = Debug|Any CPU
		{1A7C7795-A97C-4143-B9FF-52F5D67E9FC3}.Debug|Any CPU.Build.0 = Debug|Any CPU
		{1A7C7795-A97C-4143-B9FF-52F5D67E9FC3}.Release|Any CPU.ActiveCfg = Release|Any CPU
		{1A7C7795-A97C-4143-B9FF-52F5D67E9FC3}.Release|Any CPU.Build.0 = Release|Any CPU
	EndGlobalSection
	GlobalSection(SolutionProperties) = preSolution
		HideSolutionNode = FALSE
	EndGlobalSection
	GlobalSection(ExtensibilityGlobals) = postSolution
		SolutionGuid = {0C51987B-F986-4587-9E0D-BCB6E7993F47}
	EndGlobalSection
EndGlobal
